// !$*UTF8*$!
{
	archiveVersion = 1;
	classes = {
	};
	objectVersion = 46;
	objects = {

/* Begin PBXBuildFile section */
		4E006D811C4CB59F005664D3 /* main.m in Sources */ = {isa = PBXBuildFile; fileRef = 4E006D801C4CB59F005664D3 /* main.m */; };
		4E006D841C4CB59F005664D3 /* AppDelegate.m in Sources */ = {isa = PBXBuildFile; fileRef = 4E006D831C4CB59F005664D3 /* AppDelegate.m */; };
		4E006D871C4CB59F005664D3 /* ViewController.m in Sources */ = {isa = PBXBuildFile; fileRef = 4E006D861C4CB59F005664D3 /* ViewController.m */; };
		4E006D8C1C4CB59F005664D3 /* Assets.xcassets in Resources */ = {isa = PBXBuildFile; fileRef = 4E006D8B1C4CB59F005664D3 /* Assets.xcassets */; };
		4E006D8F1C4CB59F005664D3 /* LaunchScreen.storyboard in Resources */ = {isa = PBXBuildFile; fileRef = 4E006D8D1C4CB59F005664D3 /* LaunchScreen.storyboard */; };
		4E0528BD1C4F1A0200B9AAF5 /* test_head.png in Resources */ = {isa = PBXBuildFile; fileRef = 4E0528BC1C4F1A0200B9AAF5 /* test_head.png */; };
		4E09F7F11F4C36C4006223AC /* DJTableViewVMSegmentedRow.m in Sources */ = {isa = PBXBuildFile; fileRef = 4E09F7F01F4C36C4006223AC /* DJTableViewVMSegmentedRow.m */; };
		4E09F7F41F4C36D6006223AC /* DJTableViewVMSegmentedCell.m in Sources */ = {isa = PBXBuildFile; fileRef = 4E09F7F31F4C36D6006223AC /* DJTableViewVMSegmentedCell.m */; };
		4E09F7F71F4D1FE5006223AC /* DJTableViewVMPickerCell.m in Sources */ = {isa = PBXBuildFile; fileRef = 4E09F7F61F4D1FE5006223AC /* DJTableViewVMPickerCell.m */; };
		4E09F7FA1F4D203D006223AC /* DJTableViewVMPickerRow.m in Sources */ = {isa = PBXBuildFile; fileRef = 4E09F7F91F4D203D006223AC /* DJTableViewVMPickerRow.m */; };
		4E3AED1E1D0FE219000F801F /* DJTableViewVMTextAutoCell.m in Sources */ = {isa = PBXBuildFile; fileRef = 4E3AED161D0FE219000F801F /* DJTableViewVMTextAutoCell.m */; };
		4E3AED1F1D0FE219000F801F /* DJTableViewVMTextFrameCell.m in Sources */ = {isa = PBXBuildFile; fileRef = 4E3AED181D0FE219000F801F /* DJTableViewVMTextFrameCell.m */; };
		4E3AED201D0FE219000F801F /* DJTableViewVMTextTestCell.m in Sources */ = {isa = PBXBuildFile; fileRef = 4E3AED1A1D0FE219000F801F /* DJTableViewVMTextTestCell.m */; };
		4E3AED211D0FE219000F801F /* DJTableViewVMTextTestCell.xib in Resources */ = {isa = PBXBuildFile; fileRef = 4E3AED1B1D0FE219000F801F /* DJTableViewVMTextTestCell.xib */; };
		4E3AED221D0FE219000F801F /* DJTableViewVMTextTestRow.m in Sources */ = {isa = PBXBuildFile; fileRef = 4E3AED1D1D0FE219000F801F /* DJTableViewVMTextTestRow.m */; };
		4E54488C1E77FDB900BCD8F3 /* DJInputRowProtocol.h in Headers */ = {isa = PBXBuildFile; fileRef = 4E54488B1E77FC6500BCD8F3 /* DJInputRowProtocol.h */; settings = {ATTRIBUTES = (Public, ); }; };
		4E554D321F4ADC29008A9933 /* DJMultipleLineTextCell.m in Sources */ = {isa = PBXBuildFile; fileRef = 4E554D311F4ADC29008A9933 /* DJMultipleLineTextCell.m */; };
		4E554D381F4ADC90008A9933 /* DJMultipleLineTextRow.m in Sources */ = {isa = PBXBuildFile; fileRef = 4E554D371F4ADC90008A9933 /* DJMultipleLineTextRow.m */; };
		4E554D3B1F4AE2A4008A9933 /* DJAdvanceViewController.m in Sources */ = {isa = PBXBuildFile; fileRef = 4E554D3A1F4AE2A4008A9933 /* DJAdvanceViewController.m */; };
		4E554D3E1F4AE9B0008A9933 /* DJTableViewVMBoolCell.m in Sources */ = {isa = PBXBuildFile; fileRef = 4E554D3D1F4AE9B0008A9933 /* DJTableViewVMBoolCell.m */; };
		4E554D411F4AE9C9008A9933 /* DJTableViewVMBoolRow.m in Sources */ = {isa = PBXBuildFile; fileRef = 4E554D401F4AE9C9008A9933 /* DJTableViewVMBoolRow.m */; };
		4E6B02D81E6D53BA003F1B91 /* DJTableViewVM.podspec in Resources */ = {isa = PBXBuildFile; fileRef = 4E6B02D71E6D53BA003F1B91 /* DJTableViewVM.podspec */; };
		4E6B03981E6D557B003F1B91 /* DJLazyTaskManager.m in Sources */ = {isa = PBXBuildFile; fileRef = 4E6B03741E6D557B003F1B91 /* DJLazyTaskManager.m */; };
		4E6B03991E6D557B003F1B91 /* DJLog.m in Sources */ = {isa = PBXBuildFile; fileRef = 4E6B03761E6D557B003F1B91 /* DJLog.m */; };
		4E6B039A1E6D557B003F1B91 /* DJTableViewPrefetchManager.m in Sources */ = {isa = PBXBuildFile; fileRef = 4E6B03781E6D557B003F1B91 /* DJTableViewPrefetchManager.m */; };
		4E6B039B1E6D557B003F1B91 /* DJTableViewVM+Keyboard.m in Sources */ = {isa = PBXBuildFile; fileRef = 4E6B037A1E6D557B003F1B91 /* DJTableViewVM+Keyboard.m */; };
		4E6B039C1E6D557B003F1B91 /* DJTableViewVM+Properties.m in Sources */ = {isa = PBXBuildFile; fileRef = 4E6B037C1E6D557B003F1B91 /* DJTableViewVM+Properties.m */; };
		4E6B039D1E6D557B003F1B91 /* DJTableViewVM+UIScrollViewDelegate.m in Sources */ = {isa = PBXBuildFile; fileRef = 4E6B037E1E6D557B003F1B91 /* DJTableViewVM+UIScrollViewDelegate.m */; };
		4E6B039E1E6D557B003F1B91 /* DJTableViewVM+UITableViewDelegate.m in Sources */ = {isa = PBXBuildFile; fileRef = 4E6B03801E6D557B003F1B91 /* DJTableViewVM+UITableViewDelegate.m */; };
		4E6B039F1E6D557B003F1B91 /* DJTableViewVM.m in Sources */ = {isa = PBXBuildFile; fileRef = 4E6B03821E6D557B003F1B91 /* DJTableViewVM.m */; };
		4E6B03A01E6D557B003F1B91 /* DJTableViewVMCell.m in Sources */ = {isa = PBXBuildFile; fileRef = 4E6B03841E6D557B003F1B91 /* DJTableViewVMCell.m */; };
		4E6B03A11E6D557B003F1B91 /* DJTableViewVMRow.m in Sources */ = {isa = PBXBuildFile; fileRef = 4E6B03861E6D557B003F1B91 /* DJTableViewVMRow.m */; };
		4E6B03A21E6D557B003F1B91 /* DJTableViewVMSection.m in Sources */ = {isa = PBXBuildFile; fileRef = 4E6B03881E6D557B003F1B91 /* DJTableViewVMSection.m */; };
		4E6B03A31E6D557B003F1B91 /* DJTableViewVMTextFieldCell.m in Sources */ = {isa = PBXBuildFile; fileRef = 4E6B038A1E6D557B003F1B91 /* DJTableViewVMTextFieldCell.m */; };
		4E6B03A41E6D557B003F1B91 /* DJTableViewVMTextFieldRow.m in Sources */ = {isa = PBXBuildFile; fileRef = 4E6B038C1E6D557B003F1B91 /* DJTableViewVMTextFieldRow.m */; };
		4E6B03A51E6D557B003F1B91 /* DJTableViewVMTextViewCell.m in Sources */ = {isa = PBXBuildFile; fileRef = 4E6B038E1E6D557B003F1B91 /* DJTableViewVMTextViewCell.m */; };
		4E6B03A61E6D557B003F1B91 /* DJTableViewVMTextViewRow.m in Sources */ = {isa = PBXBuildFile; fileRef = 4E6B03901E6D557B003F1B91 /* DJTableViewVMTextViewRow.m */; };
		4E6B03A71E6D557B003F1B91 /* DJToolBar.m in Sources */ = {isa = PBXBuildFile; fileRef = 4E6B03921E6D557B003F1B91 /* DJToolBar.m */; };
		4E6B03A81E6D557B003F1B91 /* DJArrowLeft@2x.png in Resources */ = {isa = PBXBuildFile; fileRef = 4E6B03941E6D557B003F1B91 /* DJArrowLeft@2x.png */; };
		4E6B03A91E6D557B003F1B91 /* DJArrowLeft@3x.png in Resources */ = {isa = PBXBuildFile; fileRef = 4E6B03951E6D557B003F1B91 /* DJArrowLeft@3x.png */; };
		4E6B03AA1E6D557B003F1B91 /* DJArrowRight@2x.png in Resources */ = {isa = PBXBuildFile; fileRef = 4E6B03961E6D557B003F1B91 /* DJArrowRight@2x.png */; };
		4E6B03AB1E6D557B003F1B91 /* DJArrowRight@3x.png in Resources */ = {isa = PBXBuildFile; fileRef = 4E6B03971E6D557B003F1B91 /* DJArrowRight@3x.png */; };
		4E6B03AC1E6D5599003F1B91 /* DJLazyTaskManager.m in Sources */ = {isa = PBXBuildFile; fileRef = 4E6B03741E6D557B003F1B91 /* DJLazyTaskManager.m */; };
		4E6B03AD1E6D5599003F1B91 /* DJLog.m in Sources */ = {isa = PBXBuildFile; fileRef = 4E6B03761E6D557B003F1B91 /* DJLog.m */; };
		4E6B03AE1E6D5599003F1B91 /* DJTableViewPrefetchManager.m in Sources */ = {isa = PBXBuildFile; fileRef = 4E6B03781E6D557B003F1B91 /* DJTableViewPrefetchManager.m */; };
		4E6B03AF1E6D5599003F1B91 /* DJTableViewVM+Keyboard.m in Sources */ = {isa = PBXBuildFile; fileRef = 4E6B037A1E6D557B003F1B91 /* DJTableViewVM+Keyboard.m */; };
		4E6B03B01E6D5599003F1B91 /* DJTableViewVM+Properties.m in Sources */ = {isa = PBXBuildFile; fileRef = 4E6B037C1E6D557B003F1B91 /* DJTableViewVM+Properties.m */; };
		4E6B03B11E6D5599003F1B91 /* DJTableViewVM+UIScrollViewDelegate.m in Sources */ = {isa = PBXBuildFile; fileRef = 4E6B037E1E6D557B003F1B91 /* DJTableViewVM+UIScrollViewDelegate.m */; };
		4E6B03B21E6D5599003F1B91 /* DJTableViewVM+UITableViewDelegate.m in Sources */ = {isa = PBXBuildFile; fileRef = 4E6B03801E6D557B003F1B91 /* DJTableViewVM+UITableViewDelegate.m */; };
		4E6B03B31E6D5599003F1B91 /* DJTableViewVM.m in Sources */ = {isa = PBXBuildFile; fileRef = 4E6B03821E6D557B003F1B91 /* DJTableViewVM.m */; };
		4E6B03B41E6D5599003F1B91 /* DJTableViewVMCell.m in Sources */ = {isa = PBXBuildFile; fileRef = 4E6B03841E6D557B003F1B91 /* DJTableViewVMCell.m */; };
		4E6B03B51E6D5599003F1B91 /* DJTableViewVMRow.m in Sources */ = {isa = PBXBuildFile; fileRef = 4E6B03861E6D557B003F1B91 /* DJTableViewVMRow.m */; };
		4E6B03B61E6D5599003F1B91 /* DJTableViewVMSection.m in Sources */ = {isa = PBXBuildFile; fileRef = 4E6B03881E6D557B003F1B91 /* DJTableViewVMSection.m */; };
		4E6B03B71E6D5599003F1B91 /* DJTableViewVMTextFieldCell.m in Sources */ = {isa = PBXBuildFile; fileRef = 4E6B038A1E6D557B003F1B91 /* DJTableViewVMTextFieldCell.m */; };
		4E6B03B81E6D5599003F1B91 /* DJTableViewVMTextFieldRow.m in Sources */ = {isa = PBXBuildFile; fileRef = 4E6B038C1E6D557B003F1B91 /* DJTableViewVMTextFieldRow.m */; };
		4E6B03B91E6D5599003F1B91 /* DJTableViewVMTextViewCell.m in Sources */ = {isa = PBXBuildFile; fileRef = 4E6B038E1E6D557B003F1B91 /* DJTableViewVMTextViewCell.m */; };
		4E6B03BA1E6D559A003F1B91 /* DJTableViewVMTextViewRow.m in Sources */ = {isa = PBXBuildFile; fileRef = 4E6B03901E6D557B003F1B91 /* DJTableViewVMTextViewRow.m */; };
		4E6B03BB1E6D559A003F1B91 /* DJToolBar.m in Sources */ = {isa = PBXBuildFile; fileRef = 4E6B03921E6D557B003F1B91 /* DJToolBar.m */; };
		4E6B03BE1E6D55BE003F1B91 /* DJTableViewVM.h in Headers */ = {isa = PBXBuildFile; fileRef = 4E6B03811E6D557B003F1B91 /* DJTableViewVM.h */; settings = {ATTRIBUTES = (Public, ); }; };
		4E6B03BF1E6D55BE003F1B91 /* DJTableViewVMCell.h in Headers */ = {isa = PBXBuildFile; fileRef = 4E6B03831E6D557B003F1B91 /* DJTableViewVMCell.h */; settings = {ATTRIBUTES = (Public, ); }; };
		4E6B03C01E6D55BE003F1B91 /* DJTableViewVMRow.h in Headers */ = {isa = PBXBuildFile; fileRef = 4E6B03851E6D557B003F1B91 /* DJTableViewVMRow.h */; settings = {ATTRIBUTES = (Public, ); }; };
		4E6B03C11E6D55BE003F1B91 /* DJTableViewVMSection.h in Headers */ = {isa = PBXBuildFile; fileRef = 4E6B03871E6D557B003F1B91 /* DJTableViewVMSection.h */; settings = {ATTRIBUTES = (Public, ); }; };
		4E6B03C21E6D55BE003F1B91 /* DJTableViewVMTextFieldCell.h in Headers */ = {isa = PBXBuildFile; fileRef = 4E6B03891E6D557B003F1B91 /* DJTableViewVMTextFieldCell.h */; settings = {ATTRIBUTES = (Public, ); }; };
		4E6B03C31E6D55BE003F1B91 /* DJTableViewVMTextFieldRow.h in Headers */ = {isa = PBXBuildFile; fileRef = 4E6B038B1E6D557B003F1B91 /* DJTableViewVMTextFieldRow.h */; settings = {ATTRIBUTES = (Public, ); }; };
		4E6B03C41E6D55BE003F1B91 /* DJTableViewVMTextViewCell.h in Headers */ = {isa = PBXBuildFile; fileRef = 4E6B038D1E6D557B003F1B91 /* DJTableViewVMTextViewCell.h */; settings = {ATTRIBUTES = (Public, ); }; };
		4E6B03C51E6D55BE003F1B91 /* DJTableViewVMTextViewRow.h in Headers */ = {isa = PBXBuildFile; fileRef = 4E6B038F1E6D557B003F1B91 /* DJTableViewVMTextViewRow.h */; settings = {ATTRIBUTES = (Public, ); }; };
		4E6B03C61E6D55BE003F1B91 /* DJToolBar.h in Headers */ = {isa = PBXBuildFile; fileRef = 4E6B03911E6D557B003F1B91 /* DJToolBar.h */; settings = {ATTRIBUTES = (Public, ); }; };
		4E724ED91F4C074D00F60830 /* DJTableViewVMOptionRow.m in Sources */ = {isa = PBXBuildFile; fileRef = 4E724ED81F4C074D00F60830 /* DJTableViewVMOptionRow.m */; };
		4E724EDC1F4C0BA000F60830 /* DJTableViewVMOptionsController.m in Sources */ = {isa = PBXBuildFile; fileRef = 4E724EDB1F4C0BA000F60830 /* DJTableViewVMOptionsController.m */; };
		4E81CF431DB75D4400C8A458 /* DJTableViewVMFrameWork.framework in Embed Frameworks */ = {isa = PBXBuildFile; fileRef = 4E81CF3A1DB75D4400C8A458 /* DJTableViewVMFrameWork.framework */; settings = {ATTRIBUTES = (CodeSignOnCopy, RemoveHeadersOnCopy, ); }; };
		4E81CF4C1DB75DF900C8A458 /* DJTableViewVMFrameWork.h in Headers */ = {isa = PBXBuildFile; fileRef = 4E81CF471DB75D6700C8A458 /* DJTableViewVMFrameWork.h */; settings = {ATTRIBUTES = (Public, ); }; };
		4EB32C7F1E793EF50040470D /* DJComponentTableViewVMUITests.m in Sources */ = {isa = PBXBuildFile; fileRef = 4EB32C7E1E793EF50040470D /* DJComponentTableViewVMUITests.m */; };
		4EC4951C1F4EAFA60008D6E5 /* DJTableViewVMChooseBaseCell.m in Sources */ = {isa = PBXBuildFile; fileRef = 4EC4951B1F4EAFA60008D6E5 /* DJTableViewVMChooseBaseCell.m */; };
		4EC4951F1F4EB7CB0008D6E5 /* DJTableViewVMRelatedPickerCell.m in Sources */ = {isa = PBXBuildFile; fileRef = 4EC4951E1F4EB7CB0008D6E5 /* DJTableViewVMRelatedPickerCell.m */; };
		4EC495221F4EB7E60008D6E5 /* DJTableViewVMRelatedPickerRow.m in Sources */ = {isa = PBXBuildFile; fileRef = 4EC495211F4EB7E60008D6E5 /* DJTableViewVMRelatedPickerRow.m */; };
		4EC495251F4ED3000008D6E5 /* DJNormalPickerDelegate.m in Sources */ = {isa = PBXBuildFile; fileRef = 4EC495241F4ED3000008D6E5 /* DJNormalPickerDelegate.m */; };
		4EC495281F4ED3260008D6E5 /* DJRelatedPickerDelegate.m in Sources */ = {isa = PBXBuildFile; fileRef = 4EC495271F4ED3260008D6E5 /* DJRelatedPickerDelegate.m */; };
		4ECE916F1E56F3D70026F32C /* DJInputCellTestController.m in Sources */ = {isa = PBXBuildFile; fileRef = 4ECE916E1E56F3D70026F32C /* DJInputCellTestController.m */; };
		4ED9F9031D24F8030035D288 /* DJAlertView.m in Sources */ = {isa = PBXBuildFile; fileRef = 4ED9F9021D24F8030035D288 /* DJAlertView.m */; };
/* End PBXBuildFile section */

/* Begin PBXContainerItemProxy section */
		4EB32C811E793EF50040470D /* PBXContainerItemProxy */ = {
			isa = PBXContainerItemProxy;
			containerPortal = 4E006D741C4CB59F005664D3 /* Project object */;
			proxyType = 1;
			remoteGlobalIDString = 4E006D7B1C4CB59F005664D3;
			remoteInfo = DJComponentTableViewVM;
		};
/* End PBXContainerItemProxy section */

/* Begin PBXCopyFilesBuildPhase section */
		4E81CF421DB75D4400C8A458 /* Embed Frameworks */ = {
			isa = PBXCopyFilesBuildPhase;
			buildActionMask = 2147483647;
			dstPath = "";
			dstSubfolderSpec = 10;
			files = (
				4E81CF431DB75D4400C8A458 /* DJTableViewVMFrameWork.framework in Embed Frameworks */,
			);
			name = "Embed Frameworks";
			runOnlyForDeploymentPostprocessing = 0;
		};
/* End PBXCopyFilesBuildPhase section */

/* Begin PBXFileReference section */
		4E006D7C1C4CB59F005664D3 /* DJComponentTableViewVM.app */ = {isa = PBXFileReference; explicitFileType = wrapper.application; includeInIndex = 0; path = DJComponentTableViewVM.app; sourceTree = BUILT_PRODUCTS_DIR; };
		4E006D801C4CB59F005664D3 /* main.m */ = {isa = PBXFileReference; lastKnownFileType = sourcecode.c.objc; path = main.m; sourceTree = "<group>"; };
		4E006D821C4CB59F005664D3 /* AppDelegate.h */ = {isa = PBXFileReference; lastKnownFileType = sourcecode.c.h; path = AppDelegate.h; sourceTree = "<group>"; };
		4E006D831C4CB59F005664D3 /* AppDelegate.m */ = {isa = PBXFileReference; lastKnownFileType = sourcecode.c.objc; path = AppDelegate.m; sourceTree = "<group>"; };
		4E006D851C4CB59F005664D3 /* ViewController.h */ = {isa = PBXFileReference; lastKnownFileType = sourcecode.c.h; path = ViewController.h; sourceTree = "<group>"; };
		4E006D861C4CB59F005664D3 /* ViewController.m */ = {isa = PBXFileReference; lastKnownFileType = sourcecode.c.objc; path = ViewController.m; sourceTree = "<group>"; };
		4E006D8B1C4CB59F005664D3 /* Assets.xcassets */ = {isa = PBXFileReference; lastKnownFileType = folder.assetcatalog; path = Assets.xcassets; sourceTree = "<group>"; };
		4E006D8E1C4CB59F005664D3 /* Base */ = {isa = PBXFileReference; lastKnownFileType = file.storyboard; name = Base; path = Base.lproj/LaunchScreen.storyboard; sourceTree = "<group>"; };
		4E006D901C4CB59F005664D3 /* Info.plist */ = {isa = PBXFileReference; lastKnownFileType = text.plist.xml; path = Info.plist; sourceTree = "<group>"; };
		4E0528BC1C4F1A0200B9AAF5 /* test_head.png */ = {isa = PBXFileReference; lastKnownFileType = image.png; path = test_head.png; sourceTree = "<group>"; };
		4E09F7EF1F4C36C4006223AC /* DJTableViewVMSegmentedRow.h */ = {isa = PBXFileReference; fileEncoding = 4; lastKnownFileType = sourcecode.c.h; path = DJTableViewVMSegmentedRow.h; sourceTree = "<group>"; };
		4E09F7F01F4C36C4006223AC /* DJTableViewVMSegmentedRow.m */ = {isa = PBXFileReference; fileEncoding = 4; lastKnownFileType = sourcecode.c.objc; path = DJTableViewVMSegmentedRow.m; sourceTree = "<group>"; };
		4E09F7F21F4C36D6006223AC /* DJTableViewVMSegmentedCell.h */ = {isa = PBXFileReference; fileEncoding = 4; lastKnownFileType = sourcecode.c.h; path = DJTableViewVMSegmentedCell.h; sourceTree = "<group>"; };
		4E09F7F31F4C36D6006223AC /* DJTableViewVMSegmentedCell.m */ = {isa = PBXFileReference; fileEncoding = 4; lastKnownFileType = sourcecode.c.objc; path = DJTableViewVMSegmentedCell.m; sourceTree = "<group>"; };
		4E09F7F51F4D1FE5006223AC /* DJTableViewVMPickerCell.h */ = {isa = PBXFileReference; fileEncoding = 4; lastKnownFileType = sourcecode.c.h; path = DJTableViewVMPickerCell.h; sourceTree = "<group>"; };
		4E09F7F61F4D1FE5006223AC /* DJTableViewVMPickerCell.m */ = {isa = PBXFileReference; fileEncoding = 4; lastKnownFileType = sourcecode.c.objc; path = DJTableViewVMPickerCell.m; sourceTree = "<group>"; };
		4E09F7F81F4D203D006223AC /* DJTableViewVMPickerRow.h */ = {isa = PBXFileReference; fileEncoding = 4; lastKnownFileType = sourcecode.c.h; path = DJTableViewVMPickerRow.h; sourceTree = "<group>"; };
		4E09F7F91F4D203D006223AC /* DJTableViewVMPickerRow.m */ = {isa = PBXFileReference; fileEncoding = 4; lastKnownFileType = sourcecode.c.objc; path = DJTableViewVMPickerRow.m; sourceTree = "<group>"; };
		4E09F7FB1F4D6557006223AC /* DJValueProtocol.h */ = {isa = PBXFileReference; fileEncoding = 4; lastKnownFileType = sourcecode.c.h; path = DJValueProtocol.h; sourceTree = "<group>"; };
		4E3AED151D0FE219000F801F /* DJTableViewVMTextAutoCell.h */ = {isa = PBXFileReference; fileEncoding = 4; lastKnownFileType = sourcecode.c.h; path = DJTableViewVMTextAutoCell.h; sourceTree = "<group>"; };
		4E3AED161D0FE219000F801F /* DJTableViewVMTextAutoCell.m */ = {isa = PBXFileReference; fileEncoding = 4; lastKnownFileType = sourcecode.c.objc; path = DJTableViewVMTextAutoCell.m; sourceTree = "<group>"; };
		4E3AED171D0FE219000F801F /* DJTableViewVMTextFrameCell.h */ = {isa = PBXFileReference; fileEncoding = 4; lastKnownFileType = sourcecode.c.h; path = DJTableViewVMTextFrameCell.h; sourceTree = "<group>"; };
		4E3AED181D0FE219000F801F /* DJTableViewVMTextFrameCell.m */ = {isa = PBXFileReference; fileEncoding = 4; lastKnownFileType = sourcecode.c.objc; path = DJTableViewVMTextFrameCell.m; sourceTree = "<group>"; };
		4E3AED191D0FE219000F801F /* DJTableViewVMTextTestCell.h */ = {isa = PBXFileReference; fileEncoding = 4; lastKnownFileType = sourcecode.c.h; path = DJTableViewVMTextTestCell.h; sourceTree = "<group>"; };
		4E3AED1A1D0FE219000F801F /* DJTableViewVMTextTestCell.m */ = {isa = PBXFileReference; fileEncoding = 4; lastKnownFileType = sourcecode.c.objc; path = DJTableViewVMTextTestCell.m; sourceTree = "<group>"; };
		4E3AED1B1D0FE219000F801F /* DJTableViewVMTextTestCell.xib */ = {isa = PBXFileReference; fileEncoding = 4; lastKnownFileType = file.xib; path = DJTableViewVMTextTestCell.xib; sourceTree = "<group>"; };
		4E3AED1C1D0FE219000F801F /* DJTableViewVMTextTestRow.h */ = {isa = PBXFileReference; fileEncoding = 4; lastKnownFileType = sourcecode.c.h; path = DJTableViewVMTextTestRow.h; sourceTree = "<group>"; };
		4E3AED1D1D0FE219000F801F /* DJTableViewVMTextTestRow.m */ = {isa = PBXFileReference; fileEncoding = 4; lastKnownFileType = sourcecode.c.objc; path = DJTableViewVMTextTestRow.m; sourceTree = "<group>"; };
		4E54488B1E77FC6500BCD8F3 /* DJInputRowProtocol.h */ = {isa = PBXFileReference; lastKnownFileType = sourcecode.c.h; path = DJInputRowProtocol.h; sourceTree = "<group>"; };
		4E554D301F4ADC29008A9933 /* DJMultipleLineTextCell.h */ = {isa = PBXFileReference; fileEncoding = 4; lastKnownFileType = sourcecode.c.h; path = DJMultipleLineTextCell.h; sourceTree = "<group>"; };
		4E554D311F4ADC29008A9933 /* DJMultipleLineTextCell.m */ = {isa = PBXFileReference; fileEncoding = 4; lastKnownFileType = sourcecode.c.objc; path = DJMultipleLineTextCell.m; sourceTree = "<group>"; };
		4E554D361F4ADC90008A9933 /* DJMultipleLineTextRow.h */ = {isa = PBXFileReference; fileEncoding = 4; lastKnownFileType = sourcecode.c.h; path = DJMultipleLineTextRow.h; sourceTree = "<group>"; };
		4E554D371F4ADC90008A9933 /* DJMultipleLineTextRow.m */ = {isa = PBXFileReference; fileEncoding = 4; lastKnownFileType = sourcecode.c.objc; path = DJMultipleLineTextRow.m; sourceTree = "<group>"; };
		4E554D391F4AE2A4008A9933 /* DJAdvanceViewController.h */ = {isa = PBXFileReference; fileEncoding = 4; lastKnownFileType = sourcecode.c.h; path = DJAdvanceViewController.h; sourceTree = "<group>"; };
		4E554D3A1F4AE2A4008A9933 /* DJAdvanceViewController.m */ = {isa = PBXFileReference; fileEncoding = 4; lastKnownFileType = sourcecode.c.objc; path = DJAdvanceViewController.m; sourceTree = "<group>"; };
		4E554D3C1F4AE9B0008A9933 /* DJTableViewVMBoolCell.h */ = {isa = PBXFileReference; fileEncoding = 4; lastKnownFileType = sourcecode.c.h; path = DJTableViewVMBoolCell.h; sourceTree = "<group>"; };
		4E554D3D1F4AE9B0008A9933 /* DJTableViewVMBoolCell.m */ = {isa = PBXFileReference; fileEncoding = 4; lastKnownFileType = sourcecode.c.objc; path = DJTableViewVMBoolCell.m; sourceTree = "<group>"; };
		4E554D3F1F4AE9C9008A9933 /* DJTableViewVMBoolRow.h */ = {isa = PBXFileReference; fileEncoding = 4; lastKnownFileType = sourcecode.c.h; path = DJTableViewVMBoolRow.h; sourceTree = "<group>"; };
		4E554D401F4AE9C9008A9933 /* DJTableViewVMBoolRow.m */ = {isa = PBXFileReference; fileEncoding = 4; lastKnownFileType = sourcecode.c.objc; path = DJTableViewVMBoolRow.m; sourceTree = "<group>"; };
		4E6B02D71E6D53BA003F1B91 /* DJTableViewVM.podspec */ = {isa = PBXFileReference; fileEncoding = 4; lastKnownFileType = text; path = DJTableViewVM.podspec; sourceTree = "<group>"; };
		4E6B03731E6D557B003F1B91 /* DJLazyTaskManager.h */ = {isa = PBXFileReference; fileEncoding = 4; lastKnownFileType = sourcecode.c.h; path = DJLazyTaskManager.h; sourceTree = "<group>"; };
		4E6B03741E6D557B003F1B91 /* DJLazyTaskManager.m */ = {isa = PBXFileReference; fileEncoding = 4; lastKnownFileType = sourcecode.c.objc; path = DJLazyTaskManager.m; sourceTree = "<group>"; };
		4E6B03751E6D557B003F1B91 /* DJLog.h */ = {isa = PBXFileReference; fileEncoding = 4; lastKnownFileType = sourcecode.c.h; path = DJLog.h; sourceTree = "<group>"; };
		4E6B03761E6D557B003F1B91 /* DJLog.m */ = {isa = PBXFileReference; fileEncoding = 4; lastKnownFileType = sourcecode.c.objc; path = DJLog.m; sourceTree = "<group>"; };
		4E6B03771E6D557B003F1B91 /* DJTableViewPrefetchManager.h */ = {isa = PBXFileReference; fileEncoding = 4; lastKnownFileType = sourcecode.c.h; path = DJTableViewPrefetchManager.h; sourceTree = "<group>"; };
		4E6B03781E6D557B003F1B91 /* DJTableViewPrefetchManager.m */ = {isa = PBXFileReference; fileEncoding = 4; lastKnownFileType = sourcecode.c.objc; path = DJTableViewPrefetchManager.m; sourceTree = "<group>"; };
		4E6B03791E6D557B003F1B91 /* DJTableViewVM+Keyboard.h */ = {isa = PBXFileReference; fileEncoding = 4; lastKnownFileType = sourcecode.c.h; path = "DJTableViewVM+Keyboard.h"; sourceTree = "<group>"; };
		4E6B037A1E6D557B003F1B91 /* DJTableViewVM+Keyboard.m */ = {isa = PBXFileReference; fileEncoding = 4; lastKnownFileType = sourcecode.c.objc; path = "DJTableViewVM+Keyboard.m"; sourceTree = "<group>"; };
		4E6B037B1E6D557B003F1B91 /* DJTableViewVM+Properties.h */ = {isa = PBXFileReference; fileEncoding = 4; lastKnownFileType = sourcecode.c.h; path = "DJTableViewVM+Properties.h"; sourceTree = "<group>"; };
		4E6B037C1E6D557B003F1B91 /* DJTableViewVM+Properties.m */ = {isa = PBXFileReference; fileEncoding = 4; lastKnownFileType = sourcecode.c.objc; path = "DJTableViewVM+Properties.m"; sourceTree = "<group>"; };
		4E6B037D1E6D557B003F1B91 /* DJTableViewVM+UIScrollViewDelegate.h */ = {isa = PBXFileReference; fileEncoding = 4; lastKnownFileType = sourcecode.c.h; path = "DJTableViewVM+UIScrollViewDelegate.h"; sourceTree = "<group>"; };
		4E6B037E1E6D557B003F1B91 /* DJTableViewVM+UIScrollViewDelegate.m */ = {isa = PBXFileReference; fileEncoding = 4; lastKnownFileType = sourcecode.c.objc; path = "DJTableViewVM+UIScrollViewDelegate.m"; sourceTree = "<group>"; };
		4E6B037F1E6D557B003F1B91 /* DJTableViewVM+UITableViewDelegate.h */ = {isa = PBXFileReference; fileEncoding = 4; lastKnownFileType = sourcecode.c.h; path = "DJTableViewVM+UITableViewDelegate.h"; sourceTree = "<group>"; };
		4E6B03801E6D557B003F1B91 /* DJTableViewVM+UITableViewDelegate.m */ = {isa = PBXFileReference; fileEncoding = 4; lastKnownFileType = sourcecode.c.objc; path = "DJTableViewVM+UITableViewDelegate.m"; sourceTree = "<group>"; };
		4E6B03811E6D557B003F1B91 /* DJTableViewVM.h */ = {isa = PBXFileReference; fileEncoding = 4; lastKnownFileType = sourcecode.c.h; path = DJTableViewVM.h; sourceTree = "<group>"; };
		4E6B03821E6D557B003F1B91 /* DJTableViewVM.m */ = {isa = PBXFileReference; fileEncoding = 4; lastKnownFileType = sourcecode.c.objc; path = DJTableViewVM.m; sourceTree = "<group>"; };
		4E6B03831E6D557B003F1B91 /* DJTableViewVMCell.h */ = {isa = PBXFileReference; fileEncoding = 4; lastKnownFileType = sourcecode.c.h; path = DJTableViewVMCell.h; sourceTree = "<group>"; };
		4E6B03841E6D557B003F1B91 /* DJTableViewVMCell.m */ = {isa = PBXFileReference; fileEncoding = 4; lastKnownFileType = sourcecode.c.objc; path = DJTableViewVMCell.m; sourceTree = "<group>"; };
		4E6B03851E6D557B003F1B91 /* DJTableViewVMRow.h */ = {isa = PBXFileReference; fileEncoding = 4; lastKnownFileType = sourcecode.c.h; path = DJTableViewVMRow.h; sourceTree = "<group>"; };
		4E6B03861E6D557B003F1B91 /* DJTableViewVMRow.m */ = {isa = PBXFileReference; fileEncoding = 4; lastKnownFileType = sourcecode.c.objc; path = DJTableViewVMRow.m; sourceTree = "<group>"; };
		4E6B03871E6D557B003F1B91 /* DJTableViewVMSection.h */ = {isa = PBXFileReference; fileEncoding = 4; lastKnownFileType = sourcecode.c.h; path = DJTableViewVMSection.h; sourceTree = "<group>"; };
		4E6B03881E6D557B003F1B91 /* DJTableViewVMSection.m */ = {isa = PBXFileReference; fileEncoding = 4; lastKnownFileType = sourcecode.c.objc; path = DJTableViewVMSection.m; sourceTree = "<group>"; };
		4E6B03891E6D557B003F1B91 /* DJTableViewVMTextFieldCell.h */ = {isa = PBXFileReference; fileEncoding = 4; lastKnownFileType = sourcecode.c.h; path = DJTableViewVMTextFieldCell.h; sourceTree = "<group>"; };
		4E6B038A1E6D557B003F1B91 /* DJTableViewVMTextFieldCell.m */ = {isa = PBXFileReference; fileEncoding = 4; lastKnownFileType = sourcecode.c.objc; path = DJTableViewVMTextFieldCell.m; sourceTree = "<group>"; };
		4E6B038B1E6D557B003F1B91 /* DJTableViewVMTextFieldRow.h */ = {isa = PBXFileReference; fileEncoding = 4; lastKnownFileType = sourcecode.c.h; path = DJTableViewVMTextFieldRow.h; sourceTree = "<group>"; };
		4E6B038C1E6D557B003F1B91 /* DJTableViewVMTextFieldRow.m */ = {isa = PBXFileReference; fileEncoding = 4; lastKnownFileType = sourcecode.c.objc; path = DJTableViewVMTextFieldRow.m; sourceTree = "<group>"; };
		4E6B038D1E6D557B003F1B91 /* DJTableViewVMTextViewCell.h */ = {isa = PBXFileReference; fileEncoding = 4; lastKnownFileType = sourcecode.c.h; path = DJTableViewVMTextViewCell.h; sourceTree = "<group>"; };
		4E6B038E1E6D557B003F1B91 /* DJTableViewVMTextViewCell.m */ = {isa = PBXFileReference; fileEncoding = 4; lastKnownFileType = sourcecode.c.objc; path = DJTableViewVMTextViewCell.m; sourceTree = "<group>"; };
		4E6B038F1E6D557B003F1B91 /* DJTableViewVMTextViewRow.h */ = {isa = PBXFileReference; fileEncoding = 4; lastKnownFileType = sourcecode.c.h; path = DJTableViewVMTextViewRow.h; sourceTree = "<group>"; };
		4E6B03901E6D557B003F1B91 /* DJTableViewVMTextViewRow.m */ = {isa = PBXFileReference; fileEncoding = 4; lastKnownFileType = sourcecode.c.objc; path = DJTableViewVMTextViewRow.m; sourceTree = "<group>"; };
		4E6B03911E6D557B003F1B91 /* DJToolBar.h */ = {isa = PBXFileReference; fileEncoding = 4; lastKnownFileType = sourcecode.c.h; path = DJToolBar.h; sourceTree = "<group>"; };
		4E6B03921E6D557B003F1B91 /* DJToolBar.m */ = {isa = PBXFileReference; fileEncoding = 4; lastKnownFileType = sourcecode.c.objc; path = DJToolBar.m; sourceTree = "<group>"; };
		4E6B03941E6D557B003F1B91 /* DJArrowLeft@2x.png */ = {isa = PBXFileReference; lastKnownFileType = image.png; path = "DJArrowLeft@2x.png"; sourceTree = "<group>"; };
		4E6B03951E6D557B003F1B91 /* DJArrowLeft@3x.png */ = {isa = PBXFileReference; lastKnownFileType = image.png; path = "DJArrowLeft@3x.png"; sourceTree = "<group>"; };
		4E6B03961E6D557B003F1B91 /* DJArrowRight@2x.png */ = {isa = PBXFileReference; lastKnownFileType = image.png; path = "DJArrowRight@2x.png"; sourceTree = "<group>"; };
		4E6B03971E6D557B003F1B91 /* DJArrowRight@3x.png */ = {isa = PBXFileReference; lastKnownFileType = image.png; path = "DJArrowRight@3x.png"; sourceTree = "<group>"; };
		4E724ED71F4C074D00F60830 /* DJTableViewVMOptionRow.h */ = {isa = PBXFileReference; fileEncoding = 4; lastKnownFileType = sourcecode.c.h; path = DJTableViewVMOptionRow.h; sourceTree = "<group>"; };
		4E724ED81F4C074D00F60830 /* DJTableViewVMOptionRow.m */ = {isa = PBXFileReference; fileEncoding = 4; lastKnownFileType = sourcecode.c.objc; path = DJTableViewVMOptionRow.m; sourceTree = "<group>"; };
		4E724EDA1F4C0BA000F60830 /* DJTableViewVMOptionsController.h */ = {isa = PBXFileReference; fileEncoding = 4; lastKnownFileType = sourcecode.c.h; path = DJTableViewVMOptionsController.h; sourceTree = "<group>"; };
		4E724EDB1F4C0BA000F60830 /* DJTableViewVMOptionsController.m */ = {isa = PBXFileReference; fileEncoding = 4; lastKnownFileType = sourcecode.c.objc; path = DJTableViewVMOptionsController.m; sourceTree = "<group>"; };
		4E81CF3A1DB75D4400C8A458 /* DJTableViewVMFrameWork.framework */ = {isa = PBXFileReference; explicitFileType = wrapper.framework; includeInIndex = 0; path = DJTableViewVMFrameWork.framework; sourceTree = BUILT_PRODUCTS_DIR; };
		4E81CF3E1DB75D4400C8A458 /* Info.plist */ = {isa = PBXFileReference; lastKnownFileType = text.plist.xml; path = Info.plist; sourceTree = "<group>"; };
		4E81CF471DB75D6700C8A458 /* DJTableViewVMFrameWork.h */ = {isa = PBXFileReference; lastKnownFileType = sourcecode.c.h; path = DJTableViewVMFrameWork.h; sourceTree = "<group>"; };
		4EB32C7C1E793EF50040470D /* DJComponentTableViewVMUITests.xctest */ = {isa = PBXFileReference; explicitFileType = wrapper.cfbundle; includeInIndex = 0; path = DJComponentTableViewVMUITests.xctest; sourceTree = BUILT_PRODUCTS_DIR; };
		4EB32C7E1E793EF50040470D /* DJComponentTableViewVMUITests.m */ = {isa = PBXFileReference; lastKnownFileType = sourcecode.c.objc; path = DJComponentTableViewVMUITests.m; sourceTree = "<group>"; };
		4EB32C801E793EF50040470D /* Info.plist */ = {isa = PBXFileReference; lastKnownFileType = text.plist.xml; path = Info.plist; sourceTree = "<group>"; };
		4EC4951A1F4EAFA60008D6E5 /* DJTableViewVMChooseBaseCell.h */ = {isa = PBXFileReference; fileEncoding = 4; lastKnownFileType = sourcecode.c.h; path = DJTableViewVMChooseBaseCell.h; sourceTree = "<group>"; };
		4EC4951B1F4EAFA60008D6E5 /* DJTableViewVMChooseBaseCell.m */ = {isa = PBXFileReference; fileEncoding = 4; lastKnownFileType = sourcecode.c.objc; path = DJTableViewVMChooseBaseCell.m; sourceTree = "<group>"; };
		4EC4951D1F4EB7CB0008D6E5 /* DJTableViewVMRelatedPickerCell.h */ = {isa = PBXFileReference; fileEncoding = 4; lastKnownFileType = sourcecode.c.h; path = DJTableViewVMRelatedPickerCell.h; sourceTree = "<group>"; };
		4EC4951E1F4EB7CB0008D6E5 /* DJTableViewVMRelatedPickerCell.m */ = {isa = PBXFileReference; fileEncoding = 4; lastKnownFileType = sourcecode.c.objc; path = DJTableViewVMRelatedPickerCell.m; sourceTree = "<group>"; };
		4EC495201F4EB7E60008D6E5 /* DJTableViewVMRelatedPickerRow.h */ = {isa = PBXFileReference; fileEncoding = 4; lastKnownFileType = sourcecode.c.h; path = DJTableViewVMRelatedPickerRow.h; sourceTree = "<group>"; };
		4EC495211F4EB7E60008D6E5 /* DJTableViewVMRelatedPickerRow.m */ = {isa = PBXFileReference; fileEncoding = 4; lastKnownFileType = sourcecode.c.objc; path = DJTableViewVMRelatedPickerRow.m; sourceTree = "<group>"; };
		4EC495231F4ED3000008D6E5 /* DJNormalPickerDelegate.h */ = {isa = PBXFileReference; fileEncoding = 4; lastKnownFileType = sourcecode.c.h; path = DJNormalPickerDelegate.h; sourceTree = "<group>"; };
		4EC495241F4ED3000008D6E5 /* DJNormalPickerDelegate.m */ = {isa = PBXFileReference; fileEncoding = 4; lastKnownFileType = sourcecode.c.objc; path = DJNormalPickerDelegate.m; sourceTree = "<group>"; };
		4EC495261F4ED3260008D6E5 /* DJRelatedPickerDelegate.h */ = {isa = PBXFileReference; fileEncoding = 4; lastKnownFileType = sourcecode.c.h; path = DJRelatedPickerDelegate.h; sourceTree = "<group>"; };
		4EC495271F4ED3260008D6E5 /* DJRelatedPickerDelegate.m */ = {isa = PBXFileReference; fileEncoding = 4; lastKnownFileType = sourcecode.c.objc; path = DJRelatedPickerDelegate.m; sourceTree = "<group>"; };
		4EC495291F4ED36E0008D6E5 /* DJPickerProtocol.h */ = {isa = PBXFileReference; fileEncoding = 4; lastKnownFileType = sourcecode.c.h; path = DJPickerProtocol.h; sourceTree = "<group>"; };
		4ECE916D1E56F3D70026F32C /* DJInputCellTestController.h */ = {isa = PBXFileReference; fileEncoding = 4; lastKnownFileType = sourcecode.c.h; path = DJInputCellTestController.h; sourceTree = "<group>"; };
		4ECE916E1E56F3D70026F32C /* DJInputCellTestController.m */ = {isa = PBXFileReference; fileEncoding = 4; lastKnownFileType = sourcecode.c.objc; path = DJInputCellTestController.m; sourceTree = "<group>"; };
		4ED9F9011D24F8030035D288 /* DJAlertView.h */ = {isa = PBXFileReference; fileEncoding = 4; lastKnownFileType = sourcecode.c.h; path = DJAlertView.h; sourceTree = "<group>"; };
		4ED9F9021D24F8030035D288 /* DJAlertView.m */ = {isa = PBXFileReference; fileEncoding = 4; lastKnownFileType = sourcecode.c.objc; path = DJAlertView.m; sourceTree = "<group>"; };
/* End PBXFileReference section */

/* Begin PBXFrameworksBuildPhase section */
		4E006D791C4CB59F005664D3 /* Frameworks */ = {
			isa = PBXFrameworksBuildPhase;
			buildActionMask = 2147483647;
			files = (
			);
			runOnlyForDeploymentPostprocessing = 0;
		};
		4E81CF361DB75D4400C8A458 /* Frameworks */ = {
			isa = PBXFrameworksBuildPhase;
			buildActionMask = 2147483647;
			files = (
			);
			runOnlyForDeploymentPostprocessing = 0;
		};
		4EB32C791E793EF50040470D /* Frameworks */ = {
			isa = PBXFrameworksBuildPhase;
			buildActionMask = 2147483647;
			files = (
			);
			runOnlyForDeploymentPostprocessing = 0;
		};
/* End PBXFrameworksBuildPhase section */

/* Begin PBXGroup section */
		4E006D731C4CB59F005664D3 = {
			isa = PBXGroup;
			children = (
				4E6B02D71E6D53BA003F1B91 /* DJTableViewVM.podspec */,
				4E6B03701E6D557B003F1B91 /* DJTableViewVM */,
				4E006D7E1C4CB59F005664D3 /* DJComponentTableViewVM */,
				4E81CF3B1DB75D4400C8A458 /* DJTableViewVMFrameWork */,
				4EB32C7D1E793EF50040470D /* DJComponentTableViewVMUITests */,
				4E006D7D1C4CB59F005664D3 /* Products */,
			);
			sourceTree = "<group>";
		};
		4E006D7D1C4CB59F005664D3 /* Products */ = {
			isa = PBXGroup;
			children = (
				4E006D7C1C4CB59F005664D3 /* DJComponentTableViewVM.app */,
				4E81CF3A1DB75D4400C8A458 /* DJTableViewVMFrameWork.framework */,
				4EB32C7C1E793EF50040470D /* DJComponentTableViewVMUITests.xctest */,
			);
			name = Products;
			sourceTree = "<group>";
		};
		4E006D7E1C4CB59F005664D3 /* DJComponentTableViewVM */ = {
			isa = PBXGroup;
			children = (
				4E3AED141D0FE219000F801F /* TestClasses */,
				4E006D821C4CB59F005664D3 /* AppDelegate.h */,
				4E006D831C4CB59F005664D3 /* AppDelegate.m */,
				4E006D851C4CB59F005664D3 /* ViewController.h */,
				4E006D861C4CB59F005664D3 /* ViewController.m */,
				4ECE916D1E56F3D70026F32C /* DJInputCellTestController.h */,
				4ECE916E1E56F3D70026F32C /* DJInputCellTestController.m */,
				4E554D391F4AE2A4008A9933 /* DJAdvanceViewController.h */,
				4E554D3A1F4AE2A4008A9933 /* DJAdvanceViewController.m */,
				4E006D8B1C4CB59F005664D3 /* Assets.xcassets */,
				4E006D8D1C4CB59F005664D3 /* LaunchScreen.storyboard */,
				4E006D901C4CB59F005664D3 /* Info.plist */,
				4E0528BB1C4F19EA00B9AAF5 /* Resource */,
				4E006D7F1C4CB59F005664D3 /* Supporting Files */,
			);
			path = DJComponentTableViewVM;
			sourceTree = "<group>";
		};
		4E006D7F1C4CB59F005664D3 /* Supporting Files */ = {
			isa = PBXGroup;
			children = (
				4E006D801C4CB59F005664D3 /* main.m */,
			);
			name = "Supporting Files";
			sourceTree = "<group>";
		};
		4E0528BB1C4F19EA00B9AAF5 /* Resource */ = {
			isa = PBXGroup;
			children = (
				4E0528BC1C4F1A0200B9AAF5 /* test_head.png */,
			);
			name = Resource;
			sourceTree = "<group>";
		};
		4E3AED141D0FE219000F801F /* TestClasses */ = {
			isa = PBXGroup;
			children = (
				4E3AED151D0FE219000F801F /* DJTableViewVMTextAutoCell.h */,
				4E3AED161D0FE219000F801F /* DJTableViewVMTextAutoCell.m */,
				4E3AED171D0FE219000F801F /* DJTableViewVMTextFrameCell.h */,
				4E3AED181D0FE219000F801F /* DJTableViewVMTextFrameCell.m */,
				4E3AED191D0FE219000F801F /* DJTableViewVMTextTestCell.h */,
				4E3AED1A1D0FE219000F801F /* DJTableViewVMTextTestCell.m */,
				4E3AED1B1D0FE219000F801F /* DJTableViewVMTextTestCell.xib */,
				4E3AED1C1D0FE219000F801F /* DJTableViewVMTextTestRow.h */,
				4E3AED1D1D0FE219000F801F /* DJTableViewVMTextTestRow.m */,
				4ED9F9011D24F8030035D288 /* DJAlertView.h */,
				4ED9F9021D24F8030035D288 /* DJAlertView.m */,
			);
			path = TestClasses;
			sourceTree = "<group>";
		};
		4E554D2F1F4ADBB2008A9933 /* AdvanceCells */ = {
			isa = PBXGroup;
			children = (
				4E554D301F4ADC29008A9933 /* DJMultipleLineTextCell.h */,
				4E554D311F4ADC29008A9933 /* DJMultipleLineTextCell.m */,
				4E554D361F4ADC90008A9933 /* DJMultipleLineTextRow.h */,
				4E554D371F4ADC90008A9933 /* DJMultipleLineTextRow.m */,
				4E554D3C1F4AE9B0008A9933 /* DJTableViewVMBoolCell.h */,
				4E554D3D1F4AE9B0008A9933 /* DJTableViewVMBoolCell.m */,
				4E554D3F1F4AE9C9008A9933 /* DJTableViewVMBoolRow.h */,
				4E554D401F4AE9C9008A9933 /* DJTableViewVMBoolRow.m */,
				4E724ED71F4C074D00F60830 /* DJTableViewVMOptionRow.h */,
				4E724ED81F4C074D00F60830 /* DJTableViewVMOptionRow.m */,
				4E724EDA1F4C0BA000F60830 /* DJTableViewVMOptionsController.h */,
				4E724EDB1F4C0BA000F60830 /* DJTableViewVMOptionsController.m */,
				4E09F7EF1F4C36C4006223AC /* DJTableViewVMSegmentedRow.h */,
				4E09F7F01F4C36C4006223AC /* DJTableViewVMSegmentedRow.m */,
				4E09F7F21F4C36D6006223AC /* DJTableViewVMSegmentedCell.h */,
				4E09F7F31F4C36D6006223AC /* DJTableViewVMSegmentedCell.m */,
				4EC4951A1F4EAFA60008D6E5 /* DJTableViewVMChooseBaseCell.h */,
				4EC4951B1F4EAFA60008D6E5 /* DJTableViewVMChooseBaseCell.m */,
				4E09F7F51F4D1FE5006223AC /* DJTableViewVMPickerCell.h */,
				4E09F7F61F4D1FE5006223AC /* DJTableViewVMPickerCell.m */,
				4E09F7F81F4D203D006223AC /* DJTableViewVMPickerRow.h */,
				4E09F7F91F4D203D006223AC /* DJTableViewVMPickerRow.m */,
				4E09F7FB1F4D6557006223AC /* DJValueProtocol.h */,
				4EC4951D1F4EB7CB0008D6E5 /* DJTableViewVMRelatedPickerCell.h */,
				4EC4951E1F4EB7CB0008D6E5 /* DJTableViewVMRelatedPickerCell.m */,
				4EC495201F4EB7E60008D6E5 /* DJTableViewVMRelatedPickerRow.h */,
				4EC495211F4EB7E60008D6E5 /* DJTableViewVMRelatedPickerRow.m */,
				4EC495231F4ED3000008D6E5 /* DJNormalPickerDelegate.h */,
				4EC495241F4ED3000008D6E5 /* DJNormalPickerDelegate.m */,
				4EC495261F4ED3260008D6E5 /* DJRelatedPickerDelegate.h */,
				4EC495271F4ED3260008D6E5 /* DJRelatedPickerDelegate.m */,
				4EC495291F4ED36E0008D6E5 /* DJPickerProtocol.h */,
			);
			name = AdvanceCells;
			sourceTree = "<group>";
		};
		4E6B03701E6D557B003F1B91 /* DJTableViewVM */ = {
			isa = PBXGroup;
			children = (
				4E6B03711E6D557B003F1B91 /* Classes */,
				4E6B03931E6D557B003F1B91 /* Resources */,
			);
			path = DJTableViewVM;
			sourceTree = "<group>";
		};
		4E6B03711E6D557B003F1B91 /* Classes */ = {
			isa = PBXGroup;
			children = (
				4E554D2F1F4ADBB2008A9933 /* AdvanceCells */,
				4E955ADE1E83DDC400779551 /* DJInput */,
				4E6B03811E6D557B003F1B91 /* DJTableViewVM.h */,
				4E6B03821E6D557B003F1B91 /* DJTableViewVM.m */,
				4E6B03831E6D557B003F1B91 /* DJTableViewVMCell.h */,
				4E6B03841E6D557B003F1B91 /* DJTableViewVMCell.m */,
				4E6B03851E6D557B003F1B91 /* DJTableViewVMRow.h */,
				4E6B03861E6D557B003F1B91 /* DJTableViewVMRow.m */,
				4E6B03871E6D557B003F1B91 /* DJTableViewVMSection.h */,
				4E6B03881E6D557B003F1B91 /* DJTableViewVMSection.m */,
				4E6B03731E6D557B003F1B91 /* DJLazyTaskManager.h */,
				4E6B03741E6D557B003F1B91 /* DJLazyTaskManager.m */,
				4E6B03751E6D557B003F1B91 /* DJLog.h */,
				4E6B03761E6D557B003F1B91 /* DJLog.m */,
				4E6B03771E6D557B003F1B91 /* DJTableViewPrefetchManager.h */,
				4E6B03781E6D557B003F1B91 /* DJTableViewPrefetchManager.m */,
				4E6B037B1E6D557B003F1B91 /* DJTableViewVM+Properties.h */,
				4E6B037C1E6D557B003F1B91 /* DJTableViewVM+Properties.m */,
				4E6B037D1E6D557B003F1B91 /* DJTableViewVM+UIScrollViewDelegate.h */,
				4E6B037E1E6D557B003F1B91 /* DJTableViewVM+UIScrollViewDelegate.m */,
				4E6B037F1E6D557B003F1B91 /* DJTableViewVM+UITableViewDelegate.h */,
				4E6B03801E6D557B003F1B91 /* DJTableViewVM+UITableViewDelegate.m */,
			);
			path = Classes;
			sourceTree = "<group>";
		};
		4E6B03931E6D557B003F1B91 /* Resources */ = {
			isa = PBXGroup;
			children = (
				4E6B03941E6D557B003F1B91 /* DJArrowLeft@2x.png */,
				4E6B03951E6D557B003F1B91 /* DJArrowLeft@3x.png */,
				4E6B03961E6D557B003F1B91 /* DJArrowRight@2x.png */,
				4E6B03971E6D557B003F1B91 /* DJArrowRight@3x.png */,
			);
			path = Resources;
			sourceTree = "<group>";
		};
		4E81CF3B1DB75D4400C8A458 /* DJTableViewVMFrameWork */ = {
			isa = PBXGroup;
			children = (
				4E81CF3E1DB75D4400C8A458 /* Info.plist */,
				4E81CF471DB75D6700C8A458 /* DJTableViewVMFrameWork.h */,
			);
			path = DJTableViewVMFrameWork;
			sourceTree = "<group>";
		};
		4E955ADE1E83DDC400779551 /* DJInput */ = {
			isa = PBXGroup;
			children = (
				4E6B03911E6D557B003F1B91 /* DJToolBar.h */,
				4E6B03921E6D557B003F1B91 /* DJToolBar.m */,
				4E54488B1E77FC6500BCD8F3 /* DJInputRowProtocol.h */,
				4E6B03891E6D557B003F1B91 /* DJTableViewVMTextFieldCell.h */,
				4E6B038A1E6D557B003F1B91 /* DJTableViewVMTextFieldCell.m */,
				4E6B038B1E6D557B003F1B91 /* DJTableViewVMTextFieldRow.h */,
				4E6B038C1E6D557B003F1B91 /* DJTableViewVMTextFieldRow.m */,
				4E6B038D1E6D557B003F1B91 /* DJTableViewVMTextViewCell.h */,
				4E6B038E1E6D557B003F1B91 /* DJTableViewVMTextViewCell.m */,
				4E6B038F1E6D557B003F1B91 /* DJTableViewVMTextViewRow.h */,
				4E6B03901E6D557B003F1B91 /* DJTableViewVMTextViewRow.m */,
				4E6B03791E6D557B003F1B91 /* DJTableViewVM+Keyboard.h */,
				4E6B037A1E6D557B003F1B91 /* DJTableViewVM+Keyboard.m */,
			);
			name = DJInput;
			sourceTree = "<group>";
		};
		4EB32C7D1E793EF50040470D /* DJComponentTableViewVMUITests */ = {
			isa = PBXGroup;
			children = (
				4EB32C7E1E793EF50040470D /* DJComponentTableViewVMUITests.m */,
				4EB32C801E793EF50040470D /* Info.plist */,
			);
			path = DJComponentTableViewVMUITests;
			sourceTree = "<group>";
		};
/* End PBXGroup section */

/* Begin PBXHeadersBuildPhase section */
		4E81CF371DB75D4400C8A458 /* Headers */ = {
			isa = PBXHeadersBuildPhase;
			buildActionMask = 2147483647;
			files = (
				4E81CF4C1DB75DF900C8A458 /* DJTableViewVMFrameWork.h in Headers */,
				4E6B03BE1E6D55BE003F1B91 /* DJTableViewVM.h in Headers */,
				4E6B03BF1E6D55BE003F1B91 /* DJTableViewVMCell.h in Headers */,
				4E6B03C01E6D55BE003F1B91 /* DJTableViewVMRow.h in Headers */,
				4E6B03C11E6D55BE003F1B91 /* DJTableViewVMSection.h in Headers */,
				4E6B03C21E6D55BE003F1B91 /* DJTableViewVMTextFieldCell.h in Headers */,
				4E6B03C31E6D55BE003F1B91 /* DJTableViewVMTextFieldRow.h in Headers */,
				4E6B03C41E6D55BE003F1B91 /* DJTableViewVMTextViewCell.h in Headers */,
				4E6B03C51E6D55BE003F1B91 /* DJTableViewVMTextViewRow.h in Headers */,
				4E6B03C61E6D55BE003F1B91 /* DJToolBar.h in Headers */,
				4E54488C1E77FDB900BCD8F3 /* DJInputRowProtocol.h in Headers */,
			);
			runOnlyForDeploymentPostprocessing = 0;
		};
/* End PBXHeadersBuildPhase section */

/* Begin PBXNativeTarget section */
		4E006D7B1C4CB59F005664D3 /* DJComponentTableViewVM */ = {
			isa = PBXNativeTarget;
			buildConfigurationList = 4E006D931C4CB59F005664D3 /* Build configuration list for PBXNativeTarget "DJComponentTableViewVM" */;
			buildPhases = (
				4E006D781C4CB59F005664D3 /* Sources */,
				4E006D791C4CB59F005664D3 /* Frameworks */,
				4E006D7A1C4CB59F005664D3 /* Resources */,
				4E81CF421DB75D4400C8A458 /* Embed Frameworks */,
			);
			buildRules = (
			);
			dependencies = (
			);
			name = DJComponentTableViewVM;
			productName = DJComponentTableViewVM;
			productReference = 4E006D7C1C4CB59F005664D3 /* DJComponentTableViewVM.app */;
			productType = "com.apple.product-type.application";
		};
		4E81CF391DB75D4400C8A458 /* DJTableViewVMFrameWork */ = {
			isa = PBXNativeTarget;
			buildConfigurationList = 4E81CF461DB75D4500C8A458 /* Build configuration list for PBXNativeTarget "DJTableViewVMFrameWork" */;
			buildPhases = (
				4E81CF351DB75D4400C8A458 /* Sources */,
				4E81CF361DB75D4400C8A458 /* Frameworks */,
				4E81CF371DB75D4400C8A458 /* Headers */,
				4E81CF381DB75D4400C8A458 /* Resources */,
			);
			buildRules = (
			);
			dependencies = (
			);
			name = DJTableViewVMFrameWork;
			productName = DJTableViewVMFrameWork;
			productReference = 4E81CF3A1DB75D4400C8A458 /* DJTableViewVMFrameWork.framework */;
			productType = "com.apple.product-type.framework";
		};
		4EB32C7B1E793EF50040470D /* DJComponentTableViewVMUITests */ = {
			isa = PBXNativeTarget;
			buildConfigurationList = 4EB32C851E793EF50040470D /* Build configuration list for PBXNativeTarget "DJComponentTableViewVMUITests" */;
			buildPhases = (
				4EB32C781E793EF50040470D /* Sources */,
				4EB32C791E793EF50040470D /* Frameworks */,
				4EB32C7A1E793EF50040470D /* Resources */,
			);
			buildRules = (
			);
			dependencies = (
				4EB32C821E793EF50040470D /* PBXTargetDependency */,
			);
			name = DJComponentTableViewVMUITests;
			productName = DJComponentTableViewVMUITests;
			productReference = 4EB32C7C1E793EF50040470D /* DJComponentTableViewVMUITests.xctest */;
			productType = "com.apple.product-type.bundle.ui-testing";
		};
/* End PBXNativeTarget section */

/* Begin PBXProject section */
		4E006D741C4CB59F005664D3 /* Project object */ = {
			isa = PBXProject;
			attributes = {
				CLASSPREFIX = DJ;
				LastUpgradeCheck = 0820;
				ORGANIZATIONNAME = dj226;
				TargetAttributes = {
					4E006D7B1C4CB59F005664D3 = {
						CreatedOnToolsVersion = 7.2;
						ProvisioningStyle = Manual;
					};
					4E81CF391DB75D4400C8A458 = {
						CreatedOnToolsVersion = 7.3.1;
						DevelopmentTeam = XVEP6G79H7;
						ProvisioningStyle = Automatic;
					};
					4EB32C7B1E793EF50040470D = {
						CreatedOnToolsVersion = 8.2.1;
						ProvisioningStyle = Automatic;
						TestTargetID = 4E006D7B1C4CB59F005664D3;
					};
				};
			};
			buildConfigurationList = 4E006D771C4CB59F005664D3 /* Build configuration list for PBXProject "DJComponentTableViewVM" */;
			compatibilityVersion = "Xcode 3.2";
			developmentRegion = English;
			hasScannedForEncodings = 0;
			knownRegions = (
				en,
				Base,
			);
			mainGroup = 4E006D731C4CB59F005664D3;
			productRefGroup = 4E006D7D1C4CB59F005664D3 /* Products */;
			projectDirPath = "";
			projectRoot = "";
			targets = (
				4E006D7B1C4CB59F005664D3 /* DJComponentTableViewVM */,
				4E81CF391DB75D4400C8A458 /* DJTableViewVMFrameWork */,
				4EB32C7B1E793EF50040470D /* DJComponentTableViewVMUITests */,
			);
		};
/* End PBXProject section */

/* Begin PBXResourcesBuildPhase section */
		4E006D7A1C4CB59F005664D3 /* Resources */ = {
			isa = PBXResourcesBuildPhase;
			buildActionMask = 2147483647;
			files = (
				4E6B02D81E6D53BA003F1B91 /* DJTableViewVM.podspec in Resources */,
				4E6B03A91E6D557B003F1B91 /* DJArrowLeft@3x.png in Resources */,
				4E6B03A81E6D557B003F1B91 /* DJArrowLeft@2x.png in Resources */,
				4E6B03AB1E6D557B003F1B91 /* DJArrowRight@3x.png in Resources */,
				4E0528BD1C4F1A0200B9AAF5 /* test_head.png in Resources */,
				4E006D8F1C4CB59F005664D3 /* LaunchScreen.storyboard in Resources */,
				4E3AED211D0FE219000F801F /* DJTableViewVMTextTestCell.xib in Resources */,
				4E006D8C1C4CB59F005664D3 /* Assets.xcassets in Resources */,
				4E6B03AA1E6D557B003F1B91 /* DJArrowRight@2x.png in Resources */,
			);
			runOnlyForDeploymentPostprocessing = 0;
		};
		4E81CF381DB75D4400C8A458 /* Resources */ = {
			isa = PBXResourcesBuildPhase;
			buildActionMask = 2147483647;
			files = (
			);
			runOnlyForDeploymentPostprocessing = 0;
		};
		4EB32C7A1E793EF50040470D /* Resources */ = {
			isa = PBXResourcesBuildPhase;
			buildActionMask = 2147483647;
			files = (
			);
			runOnlyForDeploymentPostprocessing = 0;
		};
/* End PBXResourcesBuildPhase section */

/* Begin PBXSourcesBuildPhase section */
		4E006D781C4CB59F005664D3 /* Sources */ = {
			isa = PBXSourcesBuildPhase;
			buildActionMask = 2147483647;
			files = (
				4E724ED91F4C074D00F60830 /* DJTableViewVMOptionRow.m in Sources */,
				4ECE916F1E56F3D70026F32C /* DJInputCellTestController.m in Sources */,
				4E6B039E1E6D557B003F1B91 /* DJTableViewVM+UITableViewDelegate.m in Sources */,
				4E3AED221D0FE219000F801F /* DJTableViewVMTextTestRow.m in Sources */,
				4EC495221F4EB7E60008D6E5 /* DJTableViewVMRelatedPickerRow.m in Sources */,
				4E6B039D1E6D557B003F1B91 /* DJTableViewVM+UIScrollViewDelegate.m in Sources */,
				4ED9F9031D24F8030035D288 /* DJAlertView.m in Sources */,
				4EC4951F1F4EB7CB0008D6E5 /* DJTableViewVMRelatedPickerCell.m in Sources */,
				4E6B03A31E6D557B003F1B91 /* DJTableViewVMTextFieldCell.m in Sources */,
				4E6B039B1E6D557B003F1B91 /* DJTableViewVM+Keyboard.m in Sources */,
				4E554D321F4ADC29008A9933 /* DJMultipleLineTextCell.m in Sources */,
				4E3AED1E1D0FE219000F801F /* DJTableViewVMTextAutoCell.m in Sources */,
				4E6B039A1E6D557B003F1B91 /* DJTableViewPrefetchManager.m in Sources */,
				4E09F7F11F4C36C4006223AC /* DJTableViewVMSegmentedRow.m in Sources */,
				4E3AED1F1D0FE219000F801F /* DJTableViewVMTextFrameCell.m in Sources */,
				4E09F7FA1F4D203D006223AC /* DJTableViewVMPickerRow.m in Sources */,
				4E6B03A11E6D557B003F1B91 /* DJTableViewVMRow.m in Sources */,
				4E6B03A21E6D557B003F1B91 /* DJTableViewVMSection.m in Sources */,
				4E554D3E1F4AE9B0008A9933 /* DJTableViewVMBoolCell.m in Sources */,
				4E554D381F4ADC90008A9933 /* DJMultipleLineTextRow.m in Sources */,
				4E09F7F41F4C36D6006223AC /* DJTableViewVMSegmentedCell.m in Sources */,
				4E554D411F4AE9C9008A9933 /* DJTableViewVMBoolRow.m in Sources */,
				4E6B039C1E6D557B003F1B91 /* DJTableViewVM+Properties.m in Sources */,
				4E554D3B1F4AE2A4008A9933 /* DJAdvanceViewController.m in Sources */,
				4E6B03A61E6D557B003F1B91 /* DJTableViewVMTextViewRow.m in Sources */,
				4EC495281F4ED3260008D6E5 /* DJRelatedPickerDelegate.m in Sources */,
				4E09F7F71F4D1FE5006223AC /* DJTableViewVMPickerCell.m in Sources */,
				4E006D871C4CB59F005664D3 /* ViewController.m in Sources */,
				4EC495251F4ED3000008D6E5 /* DJNormalPickerDelegate.m in Sources */,
				4E6B03A71E6D557B003F1B91 /* DJToolBar.m in Sources */,
				4E3AED201D0FE219000F801F /* DJTableViewVMTextTestCell.m in Sources */,
				4E6B03A01E6D557B003F1B91 /* DJTableViewVMCell.m in Sources */,
				4E6B03A51E6D557B003F1B91 /* DJTableViewVMTextViewCell.m in Sources */,
				4E006D841C4CB59F005664D3 /* AppDelegate.m in Sources */,
				4E6B03981E6D557B003F1B91 /* DJLazyTaskManager.m in Sources */,
				4E6B039F1E6D557B003F1B91 /* DJTableViewVM.m in Sources */,
				4E6B03A41E6D557B003F1B91 /* DJTableViewVMTextFieldRow.m in Sources */,
				4E6B03991E6D557B003F1B91 /* DJLog.m in Sources */,
				4E724EDC1F4C0BA000F60830 /* DJTableViewVMOptionsController.m in Sources */,
				4E006D811C4CB59F005664D3 /* main.m in Sources */,
				4EC4951C1F4EAFA60008D6E5 /* DJTableViewVMChooseBaseCell.m in Sources */,
			);
			runOnlyForDeploymentPostprocessing = 0;
		};
		4E81CF351DB75D4400C8A458 /* Sources */ = {
			isa = PBXSourcesBuildPhase;
			buildActionMask = 2147483647;
			files = (
				4E6B03AC1E6D5599003F1B91 /* DJLazyTaskManager.m in Sources */,
				4E6B03AD1E6D5599003F1B91 /* DJLog.m in Sources */,
				4E6B03AE1E6D5599003F1B91 /* DJTableViewPrefetchManager.m in Sources */,
				4E6B03AF1E6D5599003F1B91 /* DJTableViewVM+Keyboard.m in Sources */,
				4E6B03B01E6D5599003F1B91 /* DJTableViewVM+Properties.m in Sources */,
				4E6B03B11E6D5599003F1B91 /* DJTableViewVM+UIScrollViewDelegate.m in Sources */,
				4E6B03B21E6D5599003F1B91 /* DJTableViewVM+UITableViewDelegate.m in Sources */,
				4E6B03B31E6D5599003F1B91 /* DJTableViewVM.m in Sources */,
				4E6B03B41E6D5599003F1B91 /* DJTableViewVMCell.m in Sources */,
				4E6B03B51E6D5599003F1B91 /* DJTableViewVMRow.m in Sources */,
				4E6B03B61E6D5599003F1B91 /* DJTableViewVMSection.m in Sources */,
				4E6B03B71E6D5599003F1B91 /* DJTableViewVMTextFieldCell.m in Sources */,
				4E6B03B81E6D5599003F1B91 /* DJTableViewVMTextFieldRow.m in Sources */,
				4E6B03B91E6D5599003F1B91 /* DJTableViewVMTextViewCell.m in Sources */,
				4E6B03BA1E6D559A003F1B91 /* DJTableViewVMTextViewRow.m in Sources */,
				4E6B03BB1E6D559A003F1B91 /* DJToolBar.m in Sources */,
			);
			runOnlyForDeploymentPostprocessing = 0;
		};
		4EB32C781E793EF50040470D /* Sources */ = {
			isa = PBXSourcesBuildPhase;
			buildActionMask = 2147483647;
			files = (
				4EB32C7F1E793EF50040470D /* DJComponentTableViewVMUITests.m in Sources */,
			);
			runOnlyForDeploymentPostprocessing = 0;
		};
/* End PBXSourcesBuildPhase section */

/* Begin PBXTargetDependency section */
		4EB32C821E793EF50040470D /* PBXTargetDependency */ = {
			isa = PBXTargetDependency;
			target = 4E006D7B1C4CB59F005664D3 /* DJComponentTableViewVM */;
			targetProxy = 4EB32C811E793EF50040470D /* PBXContainerItemProxy */;
		};
/* End PBXTargetDependency section */

/* Begin PBXVariantGroup section */
		4E006D8D1C4CB59F005664D3 /* LaunchScreen.storyboard */ = {
			isa = PBXVariantGroup;
			children = (
				4E006D8E1C4CB59F005664D3 /* Base */,
			);
			name = LaunchScreen.storyboard;
			sourceTree = "<group>";
		};
/* End PBXVariantGroup section */

/* Begin XCBuildConfiguration section */
		4E006D911C4CB59F005664D3 /* Debug */ = {
			isa = XCBuildConfiguration;
			buildSettings = {
				ALWAYS_SEARCH_USER_PATHS = NO;
				CLANG_CXX_LANGUAGE_STANDARD = "gnu++0x";
				CLANG_CXX_LIBRARY = "libc++";
				CLANG_ENABLE_MODULES = YES;
				CLANG_ENABLE_OBJC_ARC = YES;
				CLANG_WARN_BOOL_CONVERSION = YES;
				CLANG_WARN_CONSTANT_CONVERSION = YES;
				CLANG_WARN_DIRECT_OBJC_ISA_USAGE = YES_ERROR;
				CLANG_WARN_EMPTY_BODY = YES;
				CLANG_WARN_ENUM_CONVERSION = YES;
				CLANG_WARN_INFINITE_RECURSION = YES;
				CLANG_WARN_INT_CONVERSION = YES;
				CLANG_WARN_OBJC_ROOT_CLASS = YES_ERROR;
				CLANG_WARN_SUSPICIOUS_MOVE = YES;
				CLANG_WARN_UNREACHABLE_CODE = YES;
				CLANG_WARN__DUPLICATE_METHOD_MATCH = YES;
				"CODE_SIGN_IDENTITY[sdk=iphoneos*]" = "iPhone Developer";
				COPY_PHASE_STRIP = NO;
				DEBUG_INFORMATION_FORMAT = dwarf;
				ENABLE_STRICT_OBJC_MSGSEND = YES;
				ENABLE_TESTABILITY = YES;
				GCC_C_LANGUAGE_STANDARD = gnu99;
				GCC_DYNAMIC_NO_PIC = NO;
				GCC_NO_COMMON_BLOCKS = YES;
				GCC_OPTIMIZATION_LEVEL = 0;
				GCC_PREPROCESSOR_DEFINITIONS = (
					"DEBUG=1",
					"$(inherited)",
				);
				GCC_WARN_64_TO_32_BIT_CONVERSION = YES;
				GCC_WARN_ABOUT_RETURN_TYPE = YES_ERROR;
				GCC_WARN_UNDECLARED_SELECTOR = YES;
				GCC_WARN_UNINITIALIZED_AUTOS = YES_AGGRESSIVE;
				GCC_WARN_UNUSED_FUNCTION = YES;
				GCC_WARN_UNUSED_VARIABLE = YES;
				IPHONEOS_DEPLOYMENT_TARGET = 9.2;
				MTL_ENABLE_DEBUG_INFO = YES;
				ONLY_ACTIVE_ARCH = YES;
				SDKROOT = iphoneos;
			};
			name = Debug;
		};
		4E006D921C4CB59F005664D3 /* Release */ = {
			isa = XCBuildConfiguration;
			buildSettings = {
				ALWAYS_SEARCH_USER_PATHS = NO;
				CLANG_CXX_LANGUAGE_STANDARD = "gnu++0x";
				CLANG_CXX_LIBRARY = "libc++";
				CLANG_ENABLE_MODULES = YES;
				CLANG_ENABLE_OBJC_ARC = YES;
				CLANG_WARN_BOOL_CONVERSION = YES;
				CLANG_WARN_CONSTANT_CONVERSION = YES;
				CLANG_WARN_DIRECT_OBJC_ISA_USAGE = YES_ERROR;
				CLANG_WARN_EMPTY_BODY = YES;
				CLANG_WARN_ENUM_CONVERSION = YES;
				CLANG_WARN_INFINITE_RECURSION = YES;
				CLANG_WARN_INT_CONVERSION = YES;
				CLANG_WARN_OBJC_ROOT_CLASS = YES_ERROR;
				CLANG_WARN_SUSPICIOUS_MOVE = YES;
				CLANG_WARN_UNREACHABLE_CODE = YES;
				CLANG_WARN__DUPLICATE_METHOD_MATCH = YES;
				"CODE_SIGN_IDENTITY[sdk=iphoneos*]" = "iPhone Developer";
				COPY_PHASE_STRIP = NO;
				DEBUG_INFORMATION_FORMAT = "dwarf-with-dsym";
				ENABLE_NS_ASSERTIONS = NO;
				ENABLE_STRICT_OBJC_MSGSEND = YES;
				GCC_C_LANGUAGE_STANDARD = gnu99;
				GCC_NO_COMMON_BLOCKS = YES;
				GCC_WARN_64_TO_32_BIT_CONVERSION = YES;
				GCC_WARN_ABOUT_RETURN_TYPE = YES_ERROR;
				GCC_WARN_UNDECLARED_SELECTOR = YES;
				GCC_WARN_UNINITIALIZED_AUTOS = YES_AGGRESSIVE;
				GCC_WARN_UNUSED_FUNCTION = YES;
				GCC_WARN_UNUSED_VARIABLE = YES;
				IPHONEOS_DEPLOYMENT_TARGET = 9.2;
				MTL_ENABLE_DEBUG_INFO = NO;
				SDKROOT = iphoneos;
				VALIDATE_PRODUCT = YES;
			};
			name = Release;
		};
		4E006D941C4CB59F005664D3 /* Debug */ = {
			isa = XCBuildConfiguration;
			buildSettings = {
				ASSETCATALOG_COMPILER_APPICON_NAME = AppIcon;
				"CODE_SIGN_IDENTITY[sdk=iphoneos*]" = "iPhone Developer";
				DEVELOPMENT_TEAM = "";
				INFOPLIST_FILE = DJComponentTableViewVM/Info.plist;
				IPHONEOS_DEPLOYMENT_TARGET = 8.0;
				LD_RUNPATH_SEARCH_PATHS = "$(inherited) @executable_path/Frameworks";
				PRODUCT_BUNDLE_IDENTIFIER = com.dj226.DJComponentTableViewVM;
				PRODUCT_NAME = "$(TARGET_NAME)";
			};
			name = Debug;
		};
		4E006D951C4CB59F005664D3 /* Release */ = {
			isa = XCBuildConfiguration;
			buildSettings = {
				ASSETCATALOG_COMPILER_APPICON_NAME = AppIcon;
				"CODE_SIGN_IDENTITY[sdk=iphoneos*]" = "iPhone Developer";
				DEVELOPMENT_TEAM = "";
				INFOPLIST_FILE = DJComponentTableViewVM/Info.plist;
				IPHONEOS_DEPLOYMENT_TARGET = 8.0;
				LD_RUNPATH_SEARCH_PATHS = "$(inherited) @executable_path/Frameworks";
				PRODUCT_BUNDLE_IDENTIFIER = com.dj226.DJComponentTableViewVM;
				PRODUCT_NAME = "$(TARGET_NAME)";
			};
			name = Release;
		};
		4E81CF441DB75D4500C8A458 /* Debug */ = {
			isa = XCBuildConfiguration;
			buildSettings = {
				CLANG_ANALYZER_NONNULL = YES;
				CODE_SIGN_IDENTITY = "iPhone Developer";
				"CODE_SIGN_IDENTITY[sdk=iphoneos*]" = "";
				CURRENT_PROJECT_VERSION = 1;
				DEFINES_MODULE = YES;
				DEVELOPMENT_TEAM = XVEP6G79H7;
				DYLIB_COMPATIBILITY_VERSION = 1;
				DYLIB_CURRENT_VERSION = 1;
				DYLIB_INSTALL_NAME_BASE = "@rpath";
				INFOPLIST_FILE = DJTableViewVMFrameWork/Info.plist;
				INSTALL_PATH = "$(LOCAL_LIBRARY_DIR)/Frameworks";
				IPHONEOS_DEPLOYMENT_TARGET = 8.0;
				LD_RUNPATH_SEARCH_PATHS = "$(inherited) @executable_path/Frameworks @loader_path/Frameworks";
				OTHER_CFLAGS = "-fembed-bitcode";
				OTHER_LDFLAGS = "-all_load";
				PRODUCT_BUNDLE_IDENTIFIER = com.dj226.DJTableViewVMFrameWork;
				PRODUCT_NAME = "$(TARGET_NAME)";
				SKIP_INSTALL = YES;
				TARGETED_DEVICE_FAMILY = "1,2";
				VERSIONING_SYSTEM = "apple-generic";
				VERSION_INFO_PREFIX = "";
			};
			name = Debug;
		};
		4E81CF451DB75D4500C8A458 /* Release */ = {
			isa = XCBuildConfiguration;
			buildSettings = {
				CLANG_ANALYZER_NONNULL = YES;
				CODE_SIGN_IDENTITY = "iPhone Developer";
				"CODE_SIGN_IDENTITY[sdk=iphoneos*]" = "";
				CURRENT_PROJECT_VERSION = 1;
				DEFINES_MODULE = YES;
				DEVELOPMENT_TEAM = XVEP6G79H7;
				DYLIB_COMPATIBILITY_VERSION = 1;
				DYLIB_CURRENT_VERSION = 1;
				DYLIB_INSTALL_NAME_BASE = "@rpath";
				INFOPLIST_FILE = DJTableViewVMFrameWork/Info.plist;
				INSTALL_PATH = "$(LOCAL_LIBRARY_DIR)/Frameworks";
				IPHONEOS_DEPLOYMENT_TARGET = 8.0;
				LD_RUNPATH_SEARCH_PATHS = "$(inherited) @executable_path/Frameworks @loader_path/Frameworks";
				OTHER_CFLAGS = "-fembed-bitcode";
				OTHER_LDFLAGS = "-all_load";
				PRODUCT_BUNDLE_IDENTIFIER = com.dj226.DJTableViewVMFrameWork;
				PRODUCT_NAME = "$(TARGET_NAME)";
				SKIP_INSTALL = YES;
				TARGETED_DEVICE_FAMILY = "1,2";
				VERSIONING_SYSTEM = "apple-generic";
				VERSION_INFO_PREFIX = "";
			};
			name = Release;
		};
		4EB32C831E793EF50040470D /* Debug */ = {
			isa = XCBuildConfiguration;
			buildSettings = {
				CLANG_ANALYZER_NONNULL = YES;
				CLANG_WARN_DOCUMENTATION_COMMENTS = YES;
				INFOPLIST_FILE = DJComponentTableViewVMUITests/Info.plist;
				IPHONEOS_DEPLOYMENT_TARGET = 10.2;
				LD_RUNPATH_SEARCH_PATHS = "$(inherited) @executable_path/Frameworks @loader_path/Frameworks";
				PRODUCT_BUNDLE_IDENTIFIER = com.dj226.DJComponentTableViewVMUITests;
				PRODUCT_NAME = "$(TARGET_NAME)";
				TEST_TARGET_NAME = DJComponentTableViewVM;
			};
			name = Debug;
		};
		4EB32C841E793EF50040470D /* Release */ = {
			isa = XCBuildConfiguration;
			buildSettings = {
				CLANG_ANALYZER_NONNULL = YES;
				CLANG_WARN_DOCUMENTATION_COMMENTS = YES;
				INFOPLIST_FILE = DJComponentTableViewVMUITests/Info.plist;
				IPHONEOS_DEPLOYMENT_TARGET = 10.2;
				LD_RUNPATH_SEARCH_PATHS = "$(inherited) @executable_path/Frameworks @loader_path/Frameworks";
				PRODUCT_BUNDLE_IDENTIFIER = com.dj226.DJComponentTableViewVMUITests;
				PRODUCT_NAME = "$(TARGET_NAME)";
				TEST_TARGET_NAME = DJComponentTableViewVM;
			};
			name = Release;
		};
/* End XCBuildConfiguration section */

/* Begin XCConfigurationList section */
		4E006D771C4CB59F005664D3 /* Build configuration list for PBXProject "DJComponentTableViewVM" */ = {
			isa = XCConfigurationList;
			buildConfigurations = (
				4E006D911C4CB59F005664D3 /* Debug */,
				4E006D921C4CB59F005664D3 /* Release */,
			);
			defaultConfigurationIsVisible = 0;
			defaultConfigurationName = Release;
		};
		4E006D931C4CB59F005664D3 /* Build configuration list for PBXNativeTarget "DJComponentTableViewVM" */ = {
			isa = XCConfigurationList;
			buildConfigurations = (
				4E006D941C4CB59F005664D3 /* Debug */,
				4E006D951C4CB59F005664D3 /* Release */,
			);
			defaultConfigurationIsVisible = 0;
			defaultConfigurationName = Release;
		};
		4E81CF461DB75D4500C8A458 /* Build configuration list for PBXNativeTarget "DJTableViewVMFrameWork" */ = {
			isa = XCConfigurationList;
			buildConfigurations = (
				4E81CF441DB75D4500C8A458 /* Debug */,
				4E81CF451DB75D4500C8A458 /* Release */,
			);
			defaultConfigurationIsVisible = 0;
			defaultConfigurationName = Release;
		};
		4EB32C851E793EF50040470D /* Build configuration list for PBXNativeTarget "DJComponentTableViewVMUITests" */ = {
			isa = XCConfigurationList;
			buildConfigurations = (
				4EB32C831E793EF50040470D /* Debug */,
				4EB32C841E793EF50040470D /* Release */,
			);
			defaultConfigurationIsVisible = 0;
			defaultConfigurationName = Release;
		};
/* End XCConfigurationList section */
	};
	rootObject = 4E006D741C4CB59F005664D3 /* Project object */;
}
